
Microsoft Visual Studio Solution File, Format Version 12.00
# Visual Studio Version 16
VisualStudioVersion = 16.0.33801.447
MinimumVisualStudioVersion = 10.0.40219.1
Project("{9A19103F-16F7-4668-BE54-9A1E7A4F7556}") = "PWIIProva", "PWIIProva\PWIIProva.csproj", "{02A91440-DDB8-4980-8C37-D967256DF0A1}"
EndProject
Global
	GlobalSection(SolutionConfigurationPlatforms) = preSolution
		Debug|Any CPU = Debug|Any CPU
		Release|Any CPU = Release|Any CPU
	EndGlobalSection
	GlobalSection(ProjectConfigurationPlatforms) = postSolution
		{02A91440-DDB8-4980-8C37-D967256DF0A1}.Debug|Any CPU.ActiveCfg = Debug|Any CPU
		{02A91440-DDB8-4980-8C37-D967256DF0A1}.Debug|Any CPU.Build.0 = Debug|Any CPU
		{02A91440-DDB8-4980-8C37-D967256DF0A1}.Release|Any CPU.ActiveCfg = Release|Any CPU
		{02A91440-DDB8-4980-8C37-D967256DF0A1}.Release|Any CPU.Build.0 = Release|Any CPU
	EndGlobalSection
	GlobalSection(SolutionProperties) = preSolution
		HideSolutionNode = FALSE
	EndGlobalSection
	GlobalSection(ExtensibilityGlobals) = postSolution
		SolutionGuid = {3B1ECA5B-DEA7-462C-8DF8-B8851A4516CF}
	EndGlobalSection
EndGlobal
